// !$*UTF8*$!
{
	archiveVersion = 1;
	classes = {
	};
	objectVersion = 46;
	objects = {
/* Begin PBXBuildFile section */
		0207DA581B56EA530066E2B4 /* Images.xcassets in Resources */ = {isa = PBXBuildFile; fileRef = 0207DA571B56EA530066E2B4 /* Images.xcassets */; };
		1D3623260D0F684500981E51 /* AppDelegate.m in Sources */ = {isa = PBXBuildFile; fileRef = 1D3623250D0F684500981E51 /* AppDelegate.m */; };
		1D60589B0D05DD56006BFB54 /* main.m in Sources */ = {isa = PBXBuildFile; fileRef = 29B97316FDCFA39411CA2CEA /* main.m */; };
		301BF552109A68D80062928A /* libCordova.a in Frameworks */ = {isa = PBXBuildFile; fileRef = 301BF535109A57CC0062928A /* libCordova.a */; };
		302D95F114D2391D003F00A1 /* MainViewController.m in Sources */ = {isa = PBXBuildFile; fileRef = 302D95EF14D2391D003F00A1 /* MainViewController.m */; };
		302D95F214D2391D003F00A1 /* MainViewController.xib in Resources */ = {isa = PBXBuildFile; fileRef = 302D95F014D2391D003F00A1 /* MainViewController.xib */; };
		3047A5121AB8059700498E2A /* build-debug.xcconfig in Resources */ = {isa = PBXBuildFile; fileRef = 3047A50F1AB8059700498E2A /* build-debug.xcconfig */; };
		3047A5131AB8059700498E2A /* build-release.xcconfig in Resources */ = {isa = PBXBuildFile; fileRef = 3047A5101AB8059700498E2A /* build-release.xcconfig */; };
		3047A5141AB8059700498E2A /* build.xcconfig in Resources */ = {isa = PBXBuildFile; fileRef = 3047A5111AB8059700498E2A /* build.xcconfig */; };
		6AFF5BF91D6E424B00AB3073 /* CDVLaunchScreen.storyboard in Resources */ = {isa = PBXBuildFile; fileRef = 6AFF5BF81D6E424B00AB3073 /* CDVLaunchScreen.storyboard */; };
		16C38F25D1CE46209E49E5DF /* AppDelegate+notification.m in Sources */ = {isa = PBXBuildFile; fileRef = C3D4BA9823E14AEEA436B23D /* AppDelegate+notification.m */; };
		2E1511F66D524194AB6A79C0 /* PushPlugin.m in Sources */ = {isa = PBXBuildFile; fileRef = B671CC0CFB44459F8449655A /* PushPlugin.m */; };
		F2156D68C8E84070ACA1B59F /* libGGLCloudMessaging.a in Frameworks */ = {isa = PBXBuildFile; fileRef = B8FFDA92DB9C4047888F5259 /* libGGLCloudMessaging.a */; };
		3A59FE2513584243947A13CB /* libGGLCore.a in Frameworks */ = {isa = PBXBuildFile; fileRef = 44BCEE9DBA13485393457069 /* libGGLCore.a */; };
		A2AA1571C91B4DBCA070BC94 /* libGGLInstanceIDLib.a in Frameworks */ = {isa = PBXBuildFile; fileRef = 3A52EF1157334269B5EB488A /* libGGLInstanceIDLib.a */; };
		A314ED1A174944BF9293D2AE /* libGIP_Reachability.a in Frameworks */ = {isa = PBXBuildFile; fileRef = D8A3DD8D45DA413F821CE2BC /* libGIP_Reachability.a */; };
		52D4D00DE68A49059F0FD67D /* libGSDK_Overload.a in Frameworks */ = {isa = PBXBuildFile; fileRef = E5925B23E7474DBF9F623748 /* libGSDK_Overload.a */; };
		6E5AE9AF77614CF39D6F238F /* libGTMSessionFetcher_core.a in Frameworks */ = {isa = PBXBuildFile; fileRef = B08DF4676AAC4C6FA7ABF2D3 /* libGTMSessionFetcher_core.a */; };
		CDB537DB3A604BD9A592BBEC /* libGTMSessionFetcher_full.a in Frameworks */ = {isa = PBXBuildFile; fileRef = 19AA1941EFA4436BA364C4EB /* libGTMSessionFetcher_full.a */; };
		DB7B44554FAB4289AF1300BB /* libGTMStackTrace.a in Frameworks */ = {isa = PBXBuildFile; fileRef = 09694BA8B9E5476CA9970A57 /* libGTMStackTrace.a */; };
		E0FED3B1F9724A019821FC4D /* libGTM_AddressBook.a in Frameworks */ = {isa = PBXBuildFile; fileRef = FC347F4495BF41F5AC16899E /* libGTM_AddressBook.a */; };
		737A9EFCFB334B368506704B /* libGTM_DebugUtils.a in Frameworks */ = {isa = PBXBuildFile; fileRef = C83DCEB9512945909293EACD /* libGTM_DebugUtils.a */; };
		D03C8FCA12004262AA7DC771 /* libGTM_GTMURLBuilder.a in Frameworks */ = {isa = PBXBuildFile; fileRef = 5E1BEEB8B48B4C0485BF2990 /* libGTM_GTMURLBuilder.a */; };
		08606F21B2B04E89A8C969B3 /* libGTM_KVO.a in Frameworks */ = {isa = PBXBuildFile; fileRef = 71D4E812818E416E9DA50EC9 /* libGTM_KVO.a */; };
		2F64C1C5204148E9BC7963E0 /* libGTM_NSData+zlib.a in Frameworks */ = {isa = PBXBuildFile; fileRef = 3B93504B5B6D4ABCA62F573A /* libGTM_NSData+zlib.a */; };
		69D5FFE027394A8EAE2D3316 /* libGTM_NSDictionary+URLArguments.a in Frameworks */ = {isa = PBXBuildFile; fileRef = 1D46101657F244FE8BBCF909 /* libGTM_NSDictionary+URLArguments.a */; };
		3C3CFE797F1B4FDB8ECF259E /* libGTM_NSScannerJSON.a in Frameworks */ = {isa = PBXBuildFile; fileRef = A3C1CE2A501A4AD786B9025B /* libGTM_NSScannerJSON.a */; };
		306CA78336434A58A527DDE3 /* libGTM_NSStringHTML.a in Frameworks */ = {isa = PBXBuildFile; fileRef = 4C6E80ED3BE14A94A0F11066 /* libGTM_NSStringHTML.a */; };
		86012BCB2FB748568C7262D5 /* libGTM_NSStringXML.a in Frameworks */ = {isa = PBXBuildFile; fileRef = 3D3F4653FA6B4815B8EF1E1A /* libGTM_NSStringXML.a */; };
		5819F6957E8449528DF12168 /* libGTM_Regex.a in Frameworks */ = {isa = PBXBuildFile; fileRef = 517BC5617B74421DB4605281 /* libGTM_Regex.a */; };
		5EFCE8A021E541E28D843B9E /* libGTM_RoundedRectPath.a in Frameworks */ = {isa = PBXBuildFile; fileRef = 3209241230CE40A6A667C3B0 /* libGTM_RoundedRectPath.a */; };
		DFC23DB543914717A8015840 /* libGTM_StringEncoding.a in Frameworks */ = {isa = PBXBuildFile; fileRef = 2F2CC4925DC94F60A7BC864B /* libGTM_StringEncoding.a */; };
		2A3AB59CA5194072B21E3873 /* libGTM_SystemVersion.a in Frameworks */ = {isa = PBXBuildFile; fileRef = 095C873F99A543AA961ABFE3 /* libGTM_SystemVersion.a */; };
		D5BB67E8751B40EE81C2CF66 /* libGTM_UIFont+LineHeight.a in Frameworks */ = {isa = PBXBuildFile; fileRef = 3AE19DA10AF74FD79FEF567B /* libGTM_UIFont+LineHeight.a */; };
		98E8CC427A3346D5B0B83CAE /* libGTM_core.a in Frameworks */ = {isa = PBXBuildFile; fileRef = C1B32E2926CA4B5D86F5B583 /* libGTM_core.a */; };
		B277D304592F4204AD248666 /* libGTM_iPhone.a in Frameworks */ = {isa = PBXBuildFile; fileRef = 7A473A63440549EE9618234B /* libGTM_iPhone.a */; };
		235D3CBF3AC94ECFAEDCDB97 /* libGcmLib.a in Frameworks */ = {isa = PBXBuildFile; fileRef = B34A818FD9824013BD864421 /* libGcmLib.a */; };
		75BAF5EE49A846D8A66C23DB /* libProtocolBuffers.a in Frameworks */ = {isa = PBXBuildFile; fileRef = 8F778DCA0A5C4F6EBB68A8FF /* libProtocolBuffers.a */; };
		A6A67FE0B2AF48429B4B0992 /* AddressBook.framework in Frameworks */ = {isa = PBXBuildFile; fileRef = 8D8377DD74214B7F86897B0B /* AddressBook.framework */; };
		8BF566F5F7224F749599EFDE /* libsqlite3.tbd in Frameworks */ = {isa = PBXBuildFile; fileRef = A218E8AE8E6147D1971BB78E /* libsqlite3.tbd */; };
		4253F58F52564E46B8D48AEC /* libz.tbd in Frameworks */ = {isa = PBXBuildFile; fileRef = B18EB8C426C6473B831CAF6E /* libz.tbd */; };
		1A5A5EE769DC41CF9CE7E225 /* CDVDevice.m in Sources */ = {isa = PBXBuildFile; fileRef = D24BF3F1B007422DA5D80AE1 /* CDVDevice.m */; };
		327225178D15482FBAAA314F /* CDVNotification.m in Sources */ = {isa = PBXBuildFile; fileRef = 1531DBF343334E66A645104D /* CDVNotification.m */; };
		BABBBA5954BF403EAD0EDA76 /* CDVNotification.bundle in Resources */ = {isa = PBXBuildFile; fileRef = 3158AFA709114686AE54D410 /* CDVNotification.bundle */; };
		634B33ABE0244529BE269BD9 /* AudioToolbox.framework in Frameworks */ = {isa = PBXBuildFile; fileRef = 448228FD9410409784CA586F /* AudioToolbox.framework */; settings = {ATTRIBUTES = (Weak, ); }; };
		61234C58AAED46B0A557D14A /* CDVInAppBrowser.m in Sources */ = {isa = PBXBuildFile; fileRef = EEBBA32BB3904A8BAF6C012C /* CDVInAppBrowser.m */; };
		4BA11C95F7F3429C8E0E6E41 /* CDVConnection.m in Sources */ = {isa = PBXBuildFile; fileRef = 26EC745D57654FCAAD1242DA /* CDVConnection.m */; };
		25FCBB3DFAE64473B6B4E54D /* CDVReachability.m in Sources */ = {isa = PBXBuildFile; fileRef = D70F4F678FB14A43B413F59D /* CDVReachability.m */; };
		5117320F5CA24E95A4316C79 /* SystemConfiguration.framework in Frameworks */ = {isa = PBXBuildFile; fileRef = 23336F77199F4DFF83B95D9A /* SystemConfiguration.framework */; settings = {ATTRIBUTES = (Weak, ); }; };
		15CCB400FE4A4E2AA309A09C /* CoreTelephony.framework in Frameworks */ = {isa = PBXBuildFile; fileRef = A8D8E89CFFCA4D96BF972CA3 /* CoreTelephony.framework */; };
		A9DB9E20B2B742408408D863 /* CDVStatusBar.m in Sources */ = {isa = PBXBuildFile; fileRef = A9C278559A43485D8B96595A /* CDVStatusBar.m */; };
		461609CE5785436E9F8014C3 /* CDVContacts.m in Sources */ = {isa = PBXBuildFile; fileRef = CA574CDA2C434127BCEED28A /* CDVContacts.m */; };
		DE17E99C97D6420AAB97E351 /* CDVContact.m in Sources */ = {isa = PBXBuildFile; fileRef = 78276FC643B5460A80A26D44 /* CDVContact.m */; };
		64E320FCE3094660B44E9D3D /* AddressBookUI.framework in Frameworks */ = {isa = PBXBuildFile; fileRef = FC1E62BE580E4640898FE170 /* AddressBookUI.framework */; settings = {ATTRIBUTES = (Weak, ); }; };
		730430CE5F734C928B4160EC /* NSString+SSURLEncoding.m in Sources */ = {isa = PBXBuildFile; fileRef = 3DB96934158E4BF282D8F646 /* NSString+SSURLEncoding.m */; };
		1D3AC9E5876B4A42A244480C /* SocialSharing.m in Sources */ = {isa = PBXBuildFile; fileRef = 04CA435F01C34DF4AB0E8D93 /* SocialSharing.m */; };
		F90F77009C25459FB0A9AC78 /* Social.framework in Frameworks */ = {isa = PBXBuildFile; fileRef = B6259CB567034BF68FC6469B /* Social.framework */; settings = {ATTRIBUTES = (Weak, ); }; };
		59202E06C8D7490E9D0F9A70 /* MessageUI.framework in Frameworks */ = {isa = PBXBuildFile; fileRef = 829DD092C1F9468FB5F4A1E7 /* MessageUI.framework */; settings = {ATTRIBUTES = (Weak, ); }; };
/* End PBXBuildFile section */

/* Begin PBXContainerItemProxy section */
		301BF534109A57CC0062928A /* PBXContainerItemProxy */ = {
			isa = PBXContainerItemProxy;
			containerPortal = 301BF52D109A57CC0062928A /* CordovaLib.xcodeproj */;
			proxyType = 2;
			remoteGlobalIDString = D2AAC07E0554694100DB518D;
			remoteInfo = CordovaLib;
		};
		301BF550109A68C00062928A /* PBXContainerItemProxy */ = {
			isa = PBXContainerItemProxy;
			containerPortal = 301BF52D109A57CC0062928A /* CordovaLib.xcodeproj */;
			proxyType = 1;
			remoteGlobalIDString = D2AAC07D0554694100DB518D;
			remoteInfo = CordovaLib;
		};
/* End PBXContainerItemProxy section */

/* Begin PBXFileReference section */
		0207DA571B56EA530066E2B4 /* Images.xcassets */ = {isa = PBXFileReference; lastKnownFileType = folder.assetcatalog; name = Images.xcassets; path = "Magia 2/Images.xcassets"; sourceTree = SOURCE_ROOT; };
		1D3623240D0F684500981E51 /* AppDelegate.h */ = {isa = PBXFileReference; fileEncoding = 4; lastKnownFileType = sourcecode.c.h; path = AppDelegate.h; sourceTree = "<group>"; };
		1D3623250D0F684500981E51 /* AppDelegate.m */ = {isa = PBXFileReference; fileEncoding = 4; lastKnownFileType = sourcecode.c.objc; path = AppDelegate.m; sourceTree = "<group>"; };
		1D6058910D05DD3D006BFB54 /* Magia 2.app */ = {isa = PBXFileReference; explicitFileType = wrapper.application; includeInIndex = 0; path = "Magia 2.app"; sourceTree = BUILT_PRODUCTS_DIR; };
		29B97316FDCFA39411CA2CEA /* main.m */ = {isa = PBXFileReference; fileEncoding = 4; lastKnownFileType = sourcecode.c.objc; path = main.m; sourceTree = "<group>"; };
		301BF52D109A57CC0062928A /* CordovaLib.xcodeproj */ = {isa = PBXFileReference; lastKnownFileType = "wrapper.pb-project"; name = CordovaLib.xcodeproj; path = CordovaLib/CordovaLib.xcodeproj; sourceTree = "<group>"; };
		301BF56E109A69640062928A /* www */ = {isa = PBXFileReference; lastKnownFileType = folder; path = www; sourceTree = SOURCE_ROOT; };
		302D95EE14D2391D003F00A1 /* MainViewController.h */ = {isa = PBXFileReference; fileEncoding = 4; lastKnownFileType = sourcecode.c.h; path = MainViewController.h; sourceTree = "<group>"; };
		302D95EF14D2391D003F00A1 /* MainViewController.m */ = {isa = PBXFileReference; fileEncoding = 4; lastKnownFileType = sourcecode.c.objc; path = MainViewController.m; sourceTree = "<group>"; };
		302D95F014D2391D003F00A1 /* MainViewController.xib */ = {isa = PBXFileReference; fileEncoding = 4; lastKnownFileType = file.xib; path = MainViewController.xib; sourceTree = "<group>"; };
		3047A50F1AB8059700498E2A /* build-debug.xcconfig */ = {isa = PBXFileReference; fileEncoding = 4; lastKnownFileType = text.xcconfig; name = "build-debug.xcconfig"; path = cordova/build-debug.xcconfig; sourceTree = SOURCE_ROOT; };
		3047A5101AB8059700498E2A /* build-release.xcconfig */ = {isa = PBXFileReference; fileEncoding = 4; lastKnownFileType = text.xcconfig; name = "build-release.xcconfig"; path = cordova/build-release.xcconfig; sourceTree = SOURCE_ROOT; };
		3047A5111AB8059700498E2A /* build.xcconfig */ = {isa = PBXFileReference; fileEncoding = 4; lastKnownFileType = text.xcconfig; name = build.xcconfig; path = cordova/build.xcconfig; sourceTree = SOURCE_ROOT; };
		32CA4F630368D1EE00C91783 /* Magia 2-Prefix.pch */ = {isa = PBXFileReference; fileEncoding = 4; lastKnownFileType = sourcecode.c.h; path = "Magia 2-Prefix.pch"; sourceTree = "<group>"; };
		6AFF5BF81D6E424B00AB3073 /* CDVLaunchScreen.storyboard */ = {isa = PBXFileReference; fileEncoding = 4; lastKnownFileType = file.storyboard; name = CDVLaunchScreen.storyboard; path = "Magia 2/CDVLaunchScreen.storyboard"; sourceTree = SOURCE_ROOT; };
		8D1107310486CEB800E47090 /* Magia 2-Info.plist */ = {isa = PBXFileReference; fileEncoding = 4; lastKnownFileType = text.plist.xml; name = "Magia 2-Info.plist"; path = "Magia 2/Magia 2-Info.plist"; plistStructureDefinitionIdentifier = "com.apple.xcode.plist.structure-definition.iphone.info-plist"; sourceTree = SOURCE_ROOT; };
		EB87FDF31871DA8E0020F90C /* www */ = {isa = PBXFileReference; lastKnownFileType = folder; name = www; path = ../../www; sourceTree = "<group>"; };
		EB87FDF41871DAF40020F90C /* config.xml */ = {isa = PBXFileReference; lastKnownFileType = text.xml; name = config.xml; path = ../../config.xml; sourceTree = "<group>"; };
		F840E1F0165FE0F500CFE078 /* config.xml */ = {isa = PBXFileReference; lastKnownFileType = text.xml; name = config.xml; path = "Magia 2/config.xml"; sourceTree = "<group>"; };
		ED33DF2A687741AEAF9F8254 /* Bridging-Header.h */ = {isa = PBXFileReference; fileEncoding = 4; lastKnownFileType = sourcecode.c.h; name = "Bridging-Header.h"; path = "Bridging-Header.h"; sourceTree = "<group>"; };
		C3D4BA9823E14AEEA436B23D /* AppDelegate+notification.m */ = {isa = PBXFileReference; name = "AppDelegate+notification.m"; path = "phonegap-plugin-push/AppDelegate+notification.m"; sourceTree = "<group>"; fileEncoding = 4; lastKnownFileType = sourcecode.c.objc; explicitFileType = undefined; includeInIndex = 0; };
		B671CC0CFB44459F8449655A /* PushPlugin.m */ = {isa = PBXFileReference; name = "PushPlugin.m"; path = "phonegap-plugin-push/PushPlugin.m"; sourceTree = "<group>"; fileEncoding = 4; lastKnownFileType = sourcecode.c.objc; explicitFileType = undefined; includeInIndex = 0; };
		B8FFDA92DB9C4047888F5259 /* libGGLCloudMessaging.a */ = {isa = PBXFileReference; name = "libGGLCloudMessaging.a"; path = "Magia 2/Plugins/phonegap-plugin-push/GCM/Libraries/libGGLCloudMessaging.a"; sourceTree = "<group>"; fileEncoding = undefined; lastKnownFileType = archive.ar; explicitFileType = undefined; includeInIndex = 0; };
		44BCEE9DBA13485393457069 /* libGGLCore.a */ = {isa = PBXFileReference; name = "libGGLCore.a"; path = "Magia 2/Plugins/phonegap-plugin-push/GCM/Libraries/libGGLCore.a"; sourceTree = "<group>"; fileEncoding = undefined; lastKnownFileType = archive.ar; explicitFileType = undefined; includeInIndex = 0; };
		3A52EF1157334269B5EB488A /* libGGLInstanceIDLib.a */ = {isa = PBXFileReference; name = "libGGLInstanceIDLib.a"; path = "Magia 2/Plugins/phonegap-plugin-push/GCM/Libraries/libGGLInstanceIDLib.a"; sourceTree = "<group>"; fileEncoding = undefined; lastKnownFileType = archive.ar; explicitFileType = undefined; includeInIndex = 0; };
		D8A3DD8D45DA413F821CE2BC /* libGIP_Reachability.a */ = {isa = PBXFileReference; name = "libGIP_Reachability.a"; path = "Magia 2/Plugins/phonegap-plugin-push/GCM/Libraries/libGIP_Reachability.a"; sourceTree = "<group>"; fileEncoding = undefined; lastKnownFileType = archive.ar; explicitFileType = undefined; includeInIndex = 0; };
		E5925B23E7474DBF9F623748 /* libGSDK_Overload.a */ = {isa = PBXFileReference; name = "libGSDK_Overload.a"; path = "Magia 2/Plugins/phonegap-plugin-push/GCM/Libraries/libGSDK_Overload.a"; sourceTree = "<group>"; fileEncoding = undefined; lastKnownFileType = archive.ar; explicitFileType = undefined; includeInIndex = 0; };
		B08DF4676AAC4C6FA7ABF2D3 /* libGTMSessionFetcher_core.a */ = {isa = PBXFileReference; name = "libGTMSessionFetcher_core.a"; path = "Magia 2/Plugins/phonegap-plugin-push/GCM/Libraries/libGTMSessionFetcher_core.a"; sourceTree = "<group>"; fileEncoding = undefined; lastKnownFileType = archive.ar; explicitFileType = undefined; includeInIndex = 0; };
		19AA1941EFA4436BA364C4EB /* libGTMSessionFetcher_full.a */ = {isa = PBXFileReference; name = "libGTMSessionFetcher_full.a"; path = "Magia 2/Plugins/phonegap-plugin-push/GCM/Libraries/libGTMSessionFetcher_full.a"; sourceTree = "<group>"; fileEncoding = undefined; lastKnownFileType = archive.ar; explicitFileType = undefined; includeInIndex = 0; };
		09694BA8B9E5476CA9970A57 /* libGTMStackTrace.a */ = {isa = PBXFileReference; name = "libGTMStackTrace.a"; path = "Magia 2/Plugins/phonegap-plugin-push/GCM/Libraries/libGTMStackTrace.a"; sourceTree = "<group>"; fileEncoding = undefined; lastKnownFileType = archive.ar; explicitFileType = undefined; includeInIndex = 0; };
		FC347F4495BF41F5AC16899E /* libGTM_AddressBook.a */ = {isa = PBXFileReference; name = "libGTM_AddressBook.a"; path = "Magia 2/Plugins/phonegap-plugin-push/GCM/Libraries/libGTM_AddressBook.a"; sourceTree = "<group>"; fileEncoding = undefined; lastKnownFileType = archive.ar; explicitFileType = undefined; includeInIndex = 0; };
		C83DCEB9512945909293EACD /* libGTM_DebugUtils.a */ = {isa = PBXFileReference; name = "libGTM_DebugUtils.a"; path = "Magia 2/Plugins/phonegap-plugin-push/GCM/Libraries/libGTM_DebugUtils.a"; sourceTree = "<group>"; fileEncoding = undefined; lastKnownFileType = archive.ar; explicitFileType = undefined; includeInIndex = 0; };
		5E1BEEB8B48B4C0485BF2990 /* libGTM_GTMURLBuilder.a */ = {isa = PBXFileReference; name = "libGTM_GTMURLBuilder.a"; path = "Magia 2/Plugins/phonegap-plugin-push/GCM/Libraries/libGTM_GTMURLBuilder.a"; sourceTree = "<group>"; fileEncoding = undefined; lastKnownFileType = archive.ar; explicitFileType = undefined; includeInIndex = 0; };
		71D4E812818E416E9DA50EC9 /* libGTM_KVO.a */ = {isa = PBXFileReference; name = "libGTM_KVO.a"; path = "Magia 2/Plugins/phonegap-plugin-push/GCM/Libraries/libGTM_KVO.a"; sourceTree = "<group>"; fileEncoding = undefined; lastKnownFileType = archive.ar; explicitFileType = undefined; includeInIndex = 0; };
		3B93504B5B6D4ABCA62F573A /* libGTM_NSData+zlib.a */ = {isa = PBXFileReference; name = "libGTM_NSData+zlib.a"; path = "Magia 2/Plugins/phonegap-plugin-push/GCM/Libraries/libGTM_NSData+zlib.a"; sourceTree = "<group>"; fileEncoding = undefined; lastKnownFileType = archive.ar; explicitFileType = undefined; includeInIndex = 0; };
		1D46101657F244FE8BBCF909 /* libGTM_NSDictionary+URLArguments.a */ = {isa = PBXFileReference; name = "libGTM_NSDictionary+URLArguments.a"; path = "Magia 2/Plugins/phonegap-plugin-push/GCM/Libraries/libGTM_NSDictionary+URLArguments.a"; sourceTree = "<group>"; fileEncoding = undefined; lastKnownFileType = archive.ar; explicitFileType = undefined; includeInIndex = 0; };
		A3C1CE2A501A4AD786B9025B /* libGTM_NSScannerJSON.a */ = {isa = PBXFileReference; name = "libGTM_NSScannerJSON.a"; path = "Magia 2/Plugins/phonegap-plugin-push/GCM/Libraries/libGTM_NSScannerJSON.a"; sourceTree = "<group>"; fileEncoding = undefined; lastKnownFileType = archive.ar; explicitFileType = undefined; includeInIndex = 0; };
		4C6E80ED3BE14A94A0F11066 /* libGTM_NSStringHTML.a */ = {isa = PBXFileReference; name = "libGTM_NSStringHTML.a"; path = "Magia 2/Plugins/phonegap-plugin-push/GCM/Libraries/libGTM_NSStringHTML.a"; sourceTree = "<group>"; fileEncoding = undefined; lastKnownFileType = archive.ar; explicitFileType = undefined; includeInIndex = 0; };
		3D3F4653FA6B4815B8EF1E1A /* libGTM_NSStringXML.a */ = {isa = PBXFileReference; name = "libGTM_NSStringXML.a"; path = "Magia 2/Plugins/phonegap-plugin-push/GCM/Libraries/libGTM_NSStringXML.a"; sourceTree = "<group>"; fileEncoding = undefined; lastKnownFileType = archive.ar; explicitFileType = undefined; includeInIndex = 0; };
		517BC5617B74421DB4605281 /* libGTM_Regex.a */ = {isa = PBXFileReference; name = "libGTM_Regex.a"; path = "Magia 2/Plugins/phonegap-plugin-push/GCM/Libraries/libGTM_Regex.a"; sourceTree = "<group>"; fileEncoding = undefined; lastKnownFileType = archive.ar; explicitFileType = undefined; includeInIndex = 0; };
		3209241230CE40A6A667C3B0 /* libGTM_RoundedRectPath.a */ = {isa = PBXFileReference; name = "libGTM_RoundedRectPath.a"; path = "Magia 2/Plugins/phonegap-plugin-push/GCM/Libraries/libGTM_RoundedRectPath.a"; sourceTree = "<group>"; fileEncoding = undefined; lastKnownFileType = archive.ar; explicitFileType = undefined; includeInIndex = 0; };
		2F2CC4925DC94F60A7BC864B /* libGTM_StringEncoding.a */ = {isa = PBXFileReference; name = "libGTM_StringEncoding.a"; path = "Magia 2/Plugins/phonegap-plugin-push/GCM/Libraries/libGTM_StringEncoding.a"; sourceTree = "<group>"; fileEncoding = undefined; lastKnownFileType = archive.ar; explicitFileType = undefined; includeInIndex = 0; };
		095C873F99A543AA961ABFE3 /* libGTM_SystemVersion.a */ = {isa = PBXFileReference; name = "libGTM_SystemVersion.a"; path = "Magia 2/Plugins/phonegap-plugin-push/GCM/Libraries/libGTM_SystemVersion.a"; sourceTree = "<group>"; fileEncoding = undefined; lastKnownFileType = archive.ar; explicitFileType = undefined; includeInIndex = 0; };
		3AE19DA10AF74FD79FEF567B /* libGTM_UIFont+LineHeight.a */ = {isa = PBXFileReference; name = "libGTM_UIFont+LineHeight.a"; path = "Magia 2/Plugins/phonegap-plugin-push/GCM/Libraries/libGTM_UIFont+LineHeight.a"; sourceTree = "<group>"; fileEncoding = undefined; lastKnownFileType = archive.ar; explicitFileType = undefined; includeInIndex = 0; };
		C1B32E2926CA4B5D86F5B583 /* libGTM_core.a */ = {isa = PBXFileReference; name = "libGTM_core.a"; path = "Magia 2/Plugins/phonegap-plugin-push/GCM/Libraries/libGTM_core.a"; sourceTree = "<group>"; fileEncoding = undefined; lastKnownFileType = archive.ar; explicitFileType = undefined; includeInIndex = 0; };
		7A473A63440549EE9618234B /* libGTM_iPhone.a */ = {isa = PBXFileReference; name = "libGTM_iPhone.a"; path = "Magia 2/Plugins/phonegap-plugin-push/GCM/Libraries/libGTM_iPhone.a"; sourceTree = "<group>"; fileEncoding = undefined; lastKnownFileType = archive.ar; explicitFileType = undefined; includeInIndex = 0; };
		B34A818FD9824013BD864421 /* libGcmLib.a */ = {isa = PBXFileReference; name = "libGcmLib.a"; path = "Magia 2/Plugins/phonegap-plugin-push/GCM/Libraries/libGcmLib.a"; sourceTree = "<group>"; fileEncoding = undefined; lastKnownFileType = archive.ar; explicitFileType = undefined; includeInIndex = 0; };
		8F778DCA0A5C4F6EBB68A8FF /* libProtocolBuffers.a */ = {isa = PBXFileReference; name = "libProtocolBuffers.a"; path = "Magia 2/Plugins/phonegap-plugin-push/GCM/Libraries/libProtocolBuffers.a"; sourceTree = "<group>"; fileEncoding = undefined; lastKnownFileType = archive.ar; explicitFileType = undefined; includeInIndex = 0; };
		2D2C145EE5C9438B91D98095 /* AppDelegate+notification.h */ = {isa = PBXFileReference; name = "AppDelegate+notification.h"; path = "phonegap-plugin-push/AppDelegate+notification.h"; sourceTree = "<group>"; fileEncoding = 4; lastKnownFileType = sourcecode.c.h; explicitFileType = undefined; includeInIndex = 0; };
		3D20A2E1E23E42D29545056B /* PushPlugin.h */ = {isa = PBXFileReference; name = "PushPlugin.h"; path = "phonegap-plugin-push/PushPlugin.h"; sourceTree = "<group>"; fileEncoding = 4; lastKnownFileType = sourcecode.c.h; explicitFileType = undefined; includeInIndex = 0; };
		3174DF987CBA4978AFCA5A2C /* GGLInstanceID.h */ = {isa = PBXFileReference; name = "GGLInstanceID.h"; path = "phonegap-plugin-push/GCM/Headers/GGLInstanceID.h"; sourceTree = "<group>"; fileEncoding = 4; lastKnownFileType = sourcecode.c.h; explicitFileType = undefined; includeInIndex = 0; };
		069399646C4840128889449B /* GGLInstanceIDConfig.h */ = {isa = PBXFileReference; name = "GGLInstanceIDConfig.h"; path = "phonegap-plugin-push/GCM/Headers/GGLInstanceIDConfig.h"; sourceTree = "<group>"; fileEncoding = 4; lastKnownFileType = sourcecode.c.h; explicitFileType = undefined; includeInIndex = 0; };
		D1CDDADDA14B4588BF4B0C83 /* GGLInstanceIDDelegate.h */ = {isa = PBXFileReference; name = "GGLInstanceIDDelegate.h"; path = "phonegap-plugin-push/GCM/Headers/GGLInstanceIDDelegate.h"; sourceTree = "<group>"; fileEncoding = 4; lastKnownFileType = sourcecode.c.h; explicitFileType = undefined; includeInIndex = 0; };
		213207C3077D464B918D665F /* GGLInstanceIDHeaders.h */ = {isa = PBXFileReference; name = "GGLInstanceIDHeaders.h"; path = "phonegap-plugin-push/GCM/Headers/GGLInstanceIDHeaders.h"; sourceTree = "<group>"; fileEncoding = 4; lastKnownFileType = sourcecode.c.h; explicitFileType = undefined; includeInIndex = 0; };
		C7C4D35B0A1746E09D165565 /* CloudMessaging.h */ = {isa = PBXFileReference; name = "CloudMessaging.h"; path = "phonegap-plugin-push/GCM/Headers/CloudMessaging.h"; sourceTree = "<group>"; fileEncoding = 4; lastKnownFileType = sourcecode.c.h; explicitFileType = undefined; includeInIndex = 0; };
		DABCC0BD2A3748548153B88A /* GGLContext+CloudMessaging.h */ = {isa = PBXFileReference; name = "GGLContext+CloudMessaging.h"; path = "phonegap-plugin-push/GCM/Headers/GGLContext+CloudMessaging.h"; sourceTree = "<group>"; fileEncoding = 4; lastKnownFileType = sourcecode.c.h; explicitFileType = undefined; includeInIndex = 0; };
		51EE59A8FC8C48B3B9DBCF55 /* Core.h */ = {isa = PBXFileReference; name = "Core.h"; path = "phonegap-plugin-push/GCM/Headers/Core.h"; sourceTree = "<group>"; fileEncoding = 4; lastKnownFileType = sourcecode.c.h; explicitFileType = undefined; includeInIndex = 0; };
		7D2DAFE0D6D641DC9317946B /* GGLConfiguration.h */ = {isa = PBXFileReference; name = "GGLConfiguration.h"; path = "phonegap-plugin-push/GCM/Headers/GGLConfiguration.h"; sourceTree = "<group>"; fileEncoding = 4; lastKnownFileType = sourcecode.c.h; explicitFileType = undefined; includeInIndex = 0; };
		2B7A58BAE27C469B92565549 /* GGLContext.h */ = {isa = PBXFileReference; name = "GGLContext.h"; path = "phonegap-plugin-push/GCM/Headers/GGLContext.h"; sourceTree = "<group>"; fileEncoding = 4; lastKnownFileType = sourcecode.c.h; explicitFileType = undefined; includeInIndex = 0; };
		7D9FEBFC9F60495C916BFDC5 /* GGLErrorCode.h */ = {isa = PBXFileReference; name = "GGLErrorCode.h"; path = "phonegap-plugin-push/GCM/Headers/GGLErrorCode.h"; sourceTree = "<group>"; fileEncoding = 4; lastKnownFileType = sourcecode.c.h; explicitFileType = undefined; includeInIndex = 0; };
		D7DA723A0A944074B300EDFF /* GCMConfig.h */ = {isa = PBXFileReference; name = "GCMConfig.h"; path = "phonegap-plugin-push/GCM/Headers/GCMConfig.h"; sourceTree = "<group>"; fileEncoding = 4; lastKnownFileType = sourcecode.c.h; explicitFileType = undefined; includeInIndex = 0; };
		8D6927720BBE4FEDA7064C3E /* GCMPubSub.h */ = {isa = PBXFileReference; name = "GCMPubSub.h"; path = "phonegap-plugin-push/GCM/Headers/GCMPubSub.h"; sourceTree = "<group>"; fileEncoding = 4; lastKnownFileType = sourcecode.c.h; explicitFileType = undefined; includeInIndex = 0; };
		4C22E2CAC18344DE8254886F /* GCMReceiverDelegate.h */ = {isa = PBXFileReference; name = "GCMReceiverDelegate.h"; path = "phonegap-plugin-push/GCM/Headers/GCMReceiverDelegate.h"; sourceTree = "<group>"; fileEncoding = 4; lastKnownFileType = sourcecode.c.h; explicitFileType = undefined; includeInIndex = 0; };
		0DBCE942EFFB4A9BA7C49961 /* GCMService.h */ = {isa = PBXFileReference; name = "GCMService.h"; path = "phonegap-plugin-push/GCM/Headers/GCMService.h"; sourceTree = "<group>"; fileEncoding = 4; lastKnownFileType = sourcecode.c.h; explicitFileType = undefined; includeInIndex = 0; };
		7430457E08764976BD2B7A97 /* GoogleCloudMessaging.h */ = {isa = PBXFileReference; name = "GoogleCloudMessaging.h"; path = "phonegap-plugin-push/GCM/Headers/GoogleCloudMessaging.h"; sourceTree = "<group>"; fileEncoding = 4; lastKnownFileType = sourcecode.c.h; explicitFileType = undefined; includeInIndex = 0; };
		8D8377DD74214B7F86897B0B /* AddressBook.framework */ = {isa = PBXFileReference; name = "AddressBook.framework"; path = "System/Library/Frameworks/AddressBook.framework"; sourceTree = SDKROOT; fileEncoding = undefined; lastKnownFileType = wrapper.framework; explicitFileType = undefined; includeInIndex = 0; };
		A218E8AE8E6147D1971BB78E /* libsqlite3.tbd */ = {isa = PBXFileReference; name = "libsqlite3.tbd"; path = "usr/lib/libsqlite3.tbd"; sourceTree = SDKROOT; fileEncoding = undefined; lastKnownFileType = sourcecode.text-based-dylib-definition; explicitFileType = undefined; includeInIndex = 0; };
		B18EB8C426C6473B831CAF6E /* libz.tbd */ = {isa = PBXFileReference; name = "libz.tbd"; path = "usr/lib/libz.tbd"; sourceTree = SDKROOT; fileEncoding = undefined; lastKnownFileType = sourcecode.text-based-dylib-definition; explicitFileType = undefined; includeInIndex = 0; };
		D24BF3F1B007422DA5D80AE1 /* CDVDevice.m */ = {isa = PBXFileReference; name = "CDVDevice.m"; path = "cordova-plugin-device/CDVDevice.m"; sourceTree = "<group>"; fileEncoding = 4; lastKnownFileType = sourcecode.c.objc; explicitFileType = undefined; includeInIndex = 0; };
		28D649392CE747839D64E8B8 /* CDVDevice.h */ = {isa = PBXFileReference; name = "CDVDevice.h"; path = "cordova-plugin-device/CDVDevice.h"; sourceTree = "<group>"; fileEncoding = 4; lastKnownFileType = sourcecode.c.h; explicitFileType = undefined; includeInIndex = 0; };
		1531DBF343334E66A645104D /* CDVNotification.m */ = {isa = PBXFileReference; name = "CDVNotification.m"; path = "cordova-plugin-dialogs/CDVNotification.m"; sourceTree = "<group>"; fileEncoding = 4; lastKnownFileType = sourcecode.c.objc; explicitFileType = undefined; includeInIndex = 0; };
		31347F989A534371B7836745 /* CDVNotification.h */ = {isa = PBXFileReference; name = "CDVNotification.h"; path = "cordova-plugin-dialogs/CDVNotification.h"; sourceTree = "<group>"; fileEncoding = 4; lastKnownFileType = sourcecode.c.h; explicitFileType = undefined; includeInIndex = 0; };
		3158AFA709114686AE54D410 /* CDVNotification.bundle */ = {isa = PBXFileReference; name = "CDVNotification.bundle"; path = "CDVNotification.bundle"; sourceTree = "<group>"; fileEncoding = undefined; lastKnownFileType = wrapper.plug-in; explicitFileType = undefined; includeInIndex = 0; };
		448228FD9410409784CA586F /* AudioToolbox.framework */ = {isa = PBXFileReference; name = "AudioToolbox.framework"; path = "System/Library/Frameworks/AudioToolbox.framework"; sourceTree = SDKROOT; fileEncoding = undefined; lastKnownFileType = wrapper.framework; explicitFileType = undefined; includeInIndex = 0; };
		EEBBA32BB3904A8BAF6C012C /* CDVInAppBrowser.m */ = {isa = PBXFileReference; name = "CDVInAppBrowser.m"; path = "cordova-plugin-inappbrowser/CDVInAppBrowser.m"; sourceTree = "<group>"; fileEncoding = 4; lastKnownFileType = sourcecode.c.objc; explicitFileType = undefined; includeInIndex = 0; };
		37DF4686F37C4F2393485F41 /* CDVInAppBrowser.h */ = {isa = PBXFileReference; name = "CDVInAppBrowser.h"; path = "cordova-plugin-inappbrowser/CDVInAppBrowser.h"; sourceTree = "<group>"; fileEncoding = 4; lastKnownFileType = sourcecode.c.h; explicitFileType = undefined; includeInIndex = 0; };
		26EC745D57654FCAAD1242DA /* CDVConnection.m */ = {isa = PBXFileReference; name = "CDVConnection.m"; path = "cordova-plugin-network-information/CDVConnection.m"; sourceTree = "<group>"; fileEncoding = 4; lastKnownFileType = sourcecode.c.objc; explicitFileType = undefined; includeInIndex = 0; };
		D70F4F678FB14A43B413F59D /* CDVReachability.m */ = {isa = PBXFileReference; name = "CDVReachability.m"; path = "cordova-plugin-network-information/CDVReachability.m"; sourceTree = "<group>"; fileEncoding = 4; lastKnownFileType = sourcecode.c.objc; explicitFileType = undefined; includeInIndex = 0; };
		1772D44653C946E487043096 /* CDVConnection.h */ = {isa = PBXFileReference; name = "CDVConnection.h"; path = "cordova-plugin-network-information/CDVConnection.h"; sourceTree = "<group>"; fileEncoding = 4; lastKnownFileType = sourcecode.c.h; explicitFileType = undefined; includeInIndex = 0; };
		721398D31C7345EA85A7C464 /* CDVReachability.h */ = {isa = PBXFileReference; name = "CDVReachability.h"; path = "cordova-plugin-network-information/CDVReachability.h"; sourceTree = "<group>"; fileEncoding = 4; lastKnownFileType = sourcecode.c.h; explicitFileType = undefined; includeInIndex = 0; };
		23336F77199F4DFF83B95D9A /* SystemConfiguration.framework */ = {isa = PBXFileReference; name = "SystemConfiguration.framework"; path = "System/Library/Frameworks/SystemConfiguration.framework"; sourceTree = SDKROOT; fileEncoding = undefined; lastKnownFileType = wrapper.framework; explicitFileType = undefined; includeInIndex = 0; };
		A8D8E89CFFCA4D96BF972CA3 /* CoreTelephony.framework */ = {isa = PBXFileReference; name = "CoreTelephony.framework"; path = "System/Library/Frameworks/CoreTelephony.framework"; sourceTree = SDKROOT; fileEncoding = undefined; lastKnownFileType = wrapper.framework; explicitFileType = undefined; includeInIndex = 0; };
		A9C278559A43485D8B96595A /* CDVStatusBar.m */ = {isa = PBXFileReference; name = "CDVStatusBar.m"; path = "cordova-plugin-statusbar/CDVStatusBar.m"; sourceTree = "<group>"; fileEncoding = 4; lastKnownFileType = sourcecode.c.objc; explicitFileType = undefined; includeInIndex = 0; };
		A419E6F1B24A449686F1712A /* CDVStatusBar.h */ = {isa = PBXFileReference; name = "CDVStatusBar.h"; path = "cordova-plugin-statusbar/CDVStatusBar.h"; sourceTree = "<group>"; fileEncoding = 4; lastKnownFileType = sourcecode.c.h; explicitFileType = undefined; includeInIndex = 0; };
		CA574CDA2C434127BCEED28A /* CDVContacts.m */ = {isa = PBXFileReference; name = "CDVContacts.m"; path = "cordova-plugin-contacts/CDVContacts.m"; sourceTree = "<group>"; fileEncoding = 4; lastKnownFileType = sourcecode.c.objc; explicitFileType = undefined; includeInIndex = 0; };
		78276FC643B5460A80A26D44 /* CDVContact.m */ = {isa = PBXFileReference; name = "CDVContact.m"; path = "cordova-plugin-contacts/CDVContact.m"; sourceTree = "<group>"; fileEncoding = 4; lastKnownFileType = sourcecode.c.objc; explicitFileType = undefined; includeInIndex = 0; };
		06B5CCBC2AF94873A1CB55E8 /* CDVContacts.h */ = {isa = PBXFileReference; name = "CDVContacts.h"; path = "cordova-plugin-contacts/CDVContacts.h"; sourceTree = "<group>"; fileEncoding = 4; lastKnownFileType = sourcecode.c.h; explicitFileType = undefined; includeInIndex = 0; };
		979E900B949645828FE315D1 /* CDVContact.h */ = {isa = PBXFileReference; name = "CDVContact.h"; path = "cordova-plugin-contacts/CDVContact.h"; sourceTree = "<group>"; fileEncoding = 4; lastKnownFileType = sourcecode.c.h; explicitFileType = undefined; includeInIndex = 0; };
		FC1E62BE580E4640898FE170 /* AddressBookUI.framework */ = {isa = PBXFileReference; name = "AddressBookUI.framework"; path = "System/Library/Frameworks/AddressBookUI.framework"; sourceTree = SDKROOT; fileEncoding = undefined; lastKnownFileType = wrapper.framework; explicitFileType = undefined; includeInIndex = 0; };
		3DB96934158E4BF282D8F646 /* NSString+SSURLEncoding.m */ = {isa = PBXFileReference; name = "NSString+SSURLEncoding.m"; path = "cordova-plugin-x-socialsharing/NSString+SSURLEncoding.m"; sourceTree = "<group>"; fileEncoding = 4; lastKnownFileType = sourcecode.c.objc; explicitFileType = undefined; includeInIndex = 0; };
		04CA435F01C34DF4AB0E8D93 /* SocialSharing.m */ = {isa = PBXFileReference; name = "SocialSharing.m"; path = "cordova-plugin-x-socialsharing/SocialSharing.m"; sourceTree = "<group>"; fileEncoding = 4; lastKnownFileType = sourcecode.c.objc; explicitFileType = undefined; includeInIndex = 0; };
		EC3CF12FEA834CEFBDE3AE39 /* NSString+SSURLEncoding.h */ = {isa = PBXFileReference; name = "NSString+SSURLEncoding.h"; path = "cordova-plugin-x-socialsharing/NSString+SSURLEncoding.h"; sourceTree = "<group>"; fileEncoding = 4; lastKnownFileType = sourcecode.c.h; explicitFileType = undefined; includeInIndex = 0; };
		4C8D512C07DD4321BA4349A0 /* SocialSharing.h */ = {isa = PBXFileReference; name = "SocialSharing.h"; path = "cordova-plugin-x-socialsharing/SocialSharing.h"; sourceTree = "<group>"; fileEncoding = 4; lastKnownFileType = sourcecode.c.h; explicitFileType = undefined; includeInIndex = 0; };
		B6259CB567034BF68FC6469B /* Social.framework */ = {isa = PBXFileReference; name = "Social.framework"; path = "System/Library/Frameworks/Social.framework"; sourceTree = SDKROOT; fileEncoding = undefined; lastKnownFileType = wrapper.framework; explicitFileType = undefined; includeInIndex = 0; };
		829DD092C1F9468FB5F4A1E7 /* MessageUI.framework */ = {isa = PBXFileReference; name = "MessageUI.framework"; path = "System/Library/Frameworks/MessageUI.framework"; sourceTree = SDKROOT; fileEncoding = undefined; lastKnownFileType = wrapper.framework; explicitFileType = undefined; includeInIndex = 0; };
/* End PBXFileReference section */

/* Begin PBXFrameworksBuildPhase section */
		1D60588F0D05DD3D006BFB54 /* Frameworks */ = {
			isa = PBXFrameworksBuildPhase;
			buildActionMask = 2147483647;
			files = (
				301BF552109A68D80062928A /* libCordova.a in Frameworks */,
				F2156D68C8E84070ACA1B59F /* libGGLCloudMessaging.a in Frameworks */,
				3A59FE2513584243947A13CB /* libGGLCore.a in Frameworks */,
				A2AA1571C91B4DBCA070BC94 /* libGGLInstanceIDLib.a in Frameworks */,
				A314ED1A174944BF9293D2AE /* libGIP_Reachability.a in Frameworks */,
				52D4D00DE68A49059F0FD67D /* libGSDK_Overload.a in Frameworks */,
				6E5AE9AF77614CF39D6F238F /* libGTMSessionFetcher_core.a in Frameworks */,
				CDB537DB3A604BD9A592BBEC /* libGTMSessionFetcher_full.a in Frameworks */,
				DB7B44554FAB4289AF1300BB /* libGTMStackTrace.a in Frameworks */,
				E0FED3B1F9724A019821FC4D /* libGTM_AddressBook.a in Frameworks */,
				737A9EFCFB334B368506704B /* libGTM_DebugUtils.a in Frameworks */,
				D03C8FCA12004262AA7DC771 /* libGTM_GTMURLBuilder.a in Frameworks */,
				08606F21B2B04E89A8C969B3 /* libGTM_KVO.a in Frameworks */,
				2F64C1C5204148E9BC7963E0 /* libGTM_NSData+zlib.a in Frameworks */,
				69D5FFE027394A8EAE2D3316 /* libGTM_NSDictionary+URLArguments.a in Frameworks */,
				3C3CFE797F1B4FDB8ECF259E /* libGTM_NSScannerJSON.a in Frameworks */,
				306CA78336434A58A527DDE3 /* libGTM_NSStringHTML.a in Frameworks */,
				86012BCB2FB748568C7262D5 /* libGTM_NSStringXML.a in Frameworks */,
				5819F6957E8449528DF12168 /* libGTM_Regex.a in Frameworks */,
				5EFCE8A021E541E28D843B9E /* libGTM_RoundedRectPath.a in Frameworks */,
				DFC23DB543914717A8015840 /* libGTM_StringEncoding.a in Frameworks */,
				2A3AB59CA5194072B21E3873 /* libGTM_SystemVersion.a in Frameworks */,
				D5BB67E8751B40EE81C2CF66 /* libGTM_UIFont+LineHeight.a in Frameworks */,
				98E8CC427A3346D5B0B83CAE /* libGTM_core.a in Frameworks */,
				B277D304592F4204AD248666 /* libGTM_iPhone.a in Frameworks */,
				235D3CBF3AC94ECFAEDCDB97 /* libGcmLib.a in Frameworks */,
				75BAF5EE49A846D8A66C23DB /* libProtocolBuffers.a in Frameworks */,
				A6A67FE0B2AF48429B4B0992 /* AddressBook.framework in Frameworks */,
				8BF566F5F7224F749599EFDE /* libsqlite3.tbd in Frameworks */,
				4253F58F52564E46B8D48AEC /* libz.tbd in Frameworks */,
				634B33ABE0244529BE269BD9 /* AudioToolbox.framework in Frameworks */,
				5117320F5CA24E95A4316C79 /* SystemConfiguration.framework in Frameworks */,
				15CCB400FE4A4E2AA309A09C /* CoreTelephony.framework in Frameworks */,
				64E320FCE3094660B44E9D3D /* AddressBookUI.framework in Frameworks */,
				F90F77009C25459FB0A9AC78 /* Social.framework in Frameworks */,
				59202E06C8D7490E9D0F9A70 /* MessageUI.framework in Frameworks */,
			);
			runOnlyForDeploymentPostprocessing = 0;
		};
/* End PBXFrameworksBuildPhase section */

/* Begin PBXGroup section */
		080E96DDFE201D6D7F000001 /* Classes */ = {
			isa = PBXGroup;
			children = (
				302D95EE14D2391D003F00A1 /* MainViewController.h */,
				302D95EF14D2391D003F00A1 /* MainViewController.m */,
				302D95F014D2391D003F00A1 /* MainViewController.xib */,
				1D3623240D0F684500981E51 /* AppDelegate.h */,
				1D3623250D0F684500981E51 /* AppDelegate.m */,
			);
			name = Classes;
			path = "Magia 2/Classes";
			sourceTree = SOURCE_ROOT;
		};
		19C28FACFE9D520D11CA2CBB /* Products */ = {
			isa = PBXGroup;
			children = (
				1D6058910D05DD3D006BFB54 /* Magia 2.app */,
			);
			name = Products;
			sourceTree = "<group>";
		};
		29B97314FDCFA39411CA2CEA /* CustomTemplate */ = {
			isa = PBXGroup;
			children = (
				EB87FDF41871DAF40020F90C /* config.xml */,
				EB87FDF31871DA8E0020F90C /* www */,
				EB87FDF11871DA420020F90C /* Staging */,
				301BF52D109A57CC0062928A /* CordovaLib.xcodeproj */,
				080E96DDFE201D6D7F000001 /* Classes */,
				307C750510C5A3420062BCA9 /* Plugins */,
				29B97315FDCFA39411CA2CEA /* Other Sources */,
				29B97317FDCFA39411CA2CEA /* Resources */,
				29B97323FDCFA39411CA2CEA /* Frameworks */,
				19C28FACFE9D520D11CA2CBB /* Products */,
			);
			name = CustomTemplate;
			sourceTree = "<group>";
		};
		29B97315FDCFA39411CA2CEA /* Other Sources */ = {
			isa = PBXGroup;
			children = (
				32CA4F630368D1EE00C91783 /* Magia 2-Prefix.pch */,
				29B97316FDCFA39411CA2CEA /* main.m */,
				ED33DF2A687741AEAF9F8254 /* Bridging-Header.h */,
			);
			name = "Other Sources";
			path = "Magia 2";
			sourceTree = "<group>";
		};
		29B97317FDCFA39411CA2CEA /* Resources */ = {
			isa = PBXGroup;
			children = (
				0207DA571B56EA530066E2B4 /* Images.xcassets */,
				3047A50E1AB8057F00498E2A /* config */,
				8D1107310486CEB800E47090 /* Magia 2-Info.plist */,
				6AFF5BF81D6E424B00AB3073 /* CDVLaunchScreen.storyboard */,
				3158AFA709114686AE54D410 /* CDVNotification.bundle */,
			);
			name = Resources;
			path = "Magia 2/Resources";
			sourceTree = "<group>";
		};
		29B97323FDCFA39411CA2CEA /* Frameworks */ = {
			isa = PBXGroup;
			children = (
				B8FFDA92DB9C4047888F5259 /* libGGLCloudMessaging.a */,
				44BCEE9DBA13485393457069 /* libGGLCore.a */,
				3A52EF1157334269B5EB488A /* libGGLInstanceIDLib.a */,
				D8A3DD8D45DA413F821CE2BC /* libGIP_Reachability.a */,
				E5925B23E7474DBF9F623748 /* libGSDK_Overload.a */,
				B08DF4676AAC4C6FA7ABF2D3 /* libGTMSessionFetcher_core.a */,
				19AA1941EFA4436BA364C4EB /* libGTMSessionFetcher_full.a */,
				09694BA8B9E5476CA9970A57 /* libGTMStackTrace.a */,
				FC347F4495BF41F5AC16899E /* libGTM_AddressBook.a */,
				C83DCEB9512945909293EACD /* libGTM_DebugUtils.a */,
				5E1BEEB8B48B4C0485BF2990 /* libGTM_GTMURLBuilder.a */,
				71D4E812818E416E9DA50EC9 /* libGTM_KVO.a */,
				3B93504B5B6D4ABCA62F573A /* libGTM_NSData+zlib.a */,
				1D46101657F244FE8BBCF909 /* libGTM_NSDictionary+URLArguments.a */,
				A3C1CE2A501A4AD786B9025B /* libGTM_NSScannerJSON.a */,
				4C6E80ED3BE14A94A0F11066 /* libGTM_NSStringHTML.a */,
				3D3F4653FA6B4815B8EF1E1A /* libGTM_NSStringXML.a */,
				517BC5617B74421DB4605281 /* libGTM_Regex.a */,
				3209241230CE40A6A667C3B0 /* libGTM_RoundedRectPath.a */,
				2F2CC4925DC94F60A7BC864B /* libGTM_StringEncoding.a */,
				095C873F99A543AA961ABFE3 /* libGTM_SystemVersion.a */,
				3AE19DA10AF74FD79FEF567B /* libGTM_UIFont+LineHeight.a */,
				C1B32E2926CA4B5D86F5B583 /* libGTM_core.a */,
				7A473A63440549EE9618234B /* libGTM_iPhone.a */,
				B34A818FD9824013BD864421 /* libGcmLib.a */,
				8F778DCA0A5C4F6EBB68A8FF /* libProtocolBuffers.a */,
				8D8377DD74214B7F86897B0B /* AddressBook.framework */,
				A218E8AE8E6147D1971BB78E /* libsqlite3.tbd */,
				B18EB8C426C6473B831CAF6E /* libz.tbd */,
				448228FD9410409784CA586F /* AudioToolbox.framework */,
				23336F77199F4DFF83B95D9A /* SystemConfiguration.framework */,
				A8D8E89CFFCA4D96BF972CA3 /* CoreTelephony.framework */,
				FC1E62BE580E4640898FE170 /* AddressBookUI.framework */,
				B6259CB567034BF68FC6469B /* Social.framework */,
				829DD092C1F9468FB5F4A1E7 /* MessageUI.framework */,
			);
			name = Frameworks;
			sourceTree = "<group>";
		};
		301BF52E109A57CC0062928A /* Products */ = {
			isa = PBXGroup;
			children = (
				301BF535109A57CC0062928A /* libCordova.a */,
			);
			name = Products;
			sourceTree = "<group>";
		};
		3047A50E1AB8057F00498E2A /* config */ = {
			isa = PBXGroup;
			children = (
				3047A50F1AB8059700498E2A /* build-debug.xcconfig */,
				3047A5101AB8059700498E2A /* build-release.xcconfig */,
				3047A5111AB8059700498E2A /* build.xcconfig */,
			);
			name = config;
			sourceTree = "<group>";
		};
		307C750510C5A3420062BCA9 /* Plugins */ = {
			isa = PBXGroup;
			children = (
				C3D4BA9823E14AEEA436B23D /* AppDelegate+notification.m */,
				B671CC0CFB44459F8449655A /* PushPlugin.m */,
				2D2C145EE5C9438B91D98095 /* AppDelegate+notification.h */,
				3D20A2E1E23E42D29545056B /* PushPlugin.h */,
				3174DF987CBA4978AFCA5A2C /* GGLInstanceID.h */,
				069399646C4840128889449B /* GGLInstanceIDConfig.h */,
				D1CDDADDA14B4588BF4B0C83 /* GGLInstanceIDDelegate.h */,
				213207C3077D464B918D665F /* GGLInstanceIDHeaders.h */,
				C7C4D35B0A1746E09D165565 /* CloudMessaging.h */,
				DABCC0BD2A3748548153B88A /* GGLContext+CloudMessaging.h */,
				51EE59A8FC8C48B3B9DBCF55 /* Core.h */,
				7D2DAFE0D6D641DC9317946B /* GGLConfiguration.h */,
				2B7A58BAE27C469B92565549 /* GGLContext.h */,
				7D9FEBFC9F60495C916BFDC5 /* GGLErrorCode.h */,
				D7DA723A0A944074B300EDFF /* GCMConfig.h */,
				8D6927720BBE4FEDA7064C3E /* GCMPubSub.h */,
				4C22E2CAC18344DE8254886F /* GCMReceiverDelegate.h */,
				0DBCE942EFFB4A9BA7C49961 /* GCMService.h */,
				7430457E08764976BD2B7A97 /* GoogleCloudMessaging.h */,
				D24BF3F1B007422DA5D80AE1 /* CDVDevice.m */,
				28D649392CE747839D64E8B8 /* CDVDevice.h */,
				1531DBF343334E66A645104D /* CDVNotification.m */,
				31347F989A534371B7836745 /* CDVNotification.h */,
				EEBBA32BB3904A8BAF6C012C /* CDVInAppBrowser.m */,
				37DF4686F37C4F2393485F41 /* CDVInAppBrowser.h */,
				26EC745D57654FCAAD1242DA /* CDVConnection.m */,
				D70F4F678FB14A43B413F59D /* CDVReachability.m */,
				1772D44653C946E487043096 /* CDVConnection.h */,
				721398D31C7345EA85A7C464 /* CDVReachability.h */,
				A9C278559A43485D8B96595A /* CDVStatusBar.m */,
				A419E6F1B24A449686F1712A /* CDVStatusBar.h */,
				CA574CDA2C434127BCEED28A /* CDVContacts.m */,
				78276FC643B5460A80A26D44 /* CDVContact.m */,
				06B5CCBC2AF94873A1CB55E8 /* CDVContacts.h */,
				979E900B949645828FE315D1 /* CDVContact.h */,
				3DB96934158E4BF282D8F646 /* NSString+SSURLEncoding.m */,
				04CA435F01C34DF4AB0E8D93 /* SocialSharing.m */,
				EC3CF12FEA834CEFBDE3AE39 /* NSString+SSURLEncoding.h */,
				4C8D512C07DD4321BA4349A0 /* SocialSharing.h */,
			);
			name = Plugins;
			path = "Magia 2/Plugins";
			sourceTree = SOURCE_ROOT;
		};
		EB87FDF11871DA420020F90C /* Staging */ = {
			isa = PBXGroup;
			children = (
				F840E1F0165FE0F500CFE078 /* config.xml */,
				301BF56E109A69640062928A /* www */,
			);
			name = Staging;
			sourceTree = "<group>";
		};
/* End PBXGroup section */

/* Begin PBXNativeTarget section */
		1D6058900D05DD3D006BFB54 /* Magia 2 */ = {
			isa = PBXNativeTarget;
			buildConfigurationList = 1D6058960D05DD3E006BFB54 /* Build configuration list for PBXNativeTarget "Magia 2" */;
			buildPhases = (
				304B58A110DAC018002A0835 /* Copy www directory */,
				1D60588D0D05DD3D006BFB54 /* Resources */,
				1D60588E0D05DD3D006BFB54 /* Sources */,
				1D60588F0D05DD3D006BFB54 /* Frameworks */,
			);
			buildRules = (
			);
			dependencies = (
				301BF551109A68C00062928A /* PBXTargetDependency */,
			);
			name = "Magia 2";
			productName = "Magia 2";
			productReference = 1D6058910D05DD3D006BFB54 /* Magia 2.app */;
			productType = "com.apple.product-type.application";
		};
/* End PBXNativeTarget section */

/* Begin PBXProject section */
		29B97313FDCFA39411CA2CEA /* Project object */ = {
			isa = PBXProject;
			attributes = {
				LastUpgradeCheck = 510;
			};
			buildConfigurationList = C01FCF4E08A954540054247B /* Build configuration list for PBXProject "__NON-CLI__" */;
			compatibilityVersion = "Xcode 3.2";
			developmentRegion = English;
			hasScannedForEncodings = 1;
			mainGroup = 29B97314FDCFA39411CA2CEA /* CustomTemplate */;
			projectDirPath = "";
			projectReferences = (
				{
					ProductGroup = 301BF52E109A57CC0062928A /* Products */;
					ProjectRef = 301BF52D109A57CC0062928A /* CordovaLib.xcodeproj */;
				},
			);
			projectRoot = "";
			targets = (
				1D6058900D05DD3D006BFB54 /* Magia 2 */,
			);
		};
/* End PBXProject section */

/* Begin PBXReferenceProxy section */
		301BF535109A57CC0062928A /* libCordova.a */ = {
			isa = PBXReferenceProxy;
			fileType = archive.ar;
			path = libCordova.a;
			remoteRef = 301BF534109A57CC0062928A /* PBXContainerItemProxy */;
			sourceTree = BUILT_PRODUCTS_DIR;
		};
/* End PBXReferenceProxy section */

/* Begin PBXResourcesBuildPhase section */
		1D60588D0D05DD3D006BFB54 /* Resources */ = {
			isa = PBXResourcesBuildPhase;
			buildActionMask = 2147483647;
			files = (
				302D95F214D2391D003F00A1 /* MainViewController.xib in Resources */,
				0207DA581B56EA530066E2B4 /* Images.xcassets in Resources */,
				6AFF5BF91D6E424B00AB3073 /* CDVLaunchScreen.storyboard in Resources */,
				BABBBA5954BF403EAD0EDA76 /* CDVNotification.bundle in Resources */,
			);
			runOnlyForDeploymentPostprocessing = 0;
		};
/* End PBXResourcesBuildPhase section */

/* Begin PBXShellScriptBuildPhase section */
		304B58A110DAC018002A0835 /* Copy www directory */ = {
			isa = PBXShellScriptBuildPhase;
			buildActionMask = 2147483647;
			files = (
			);
			inputPaths = (
			);
			name = "Copy www directory";
			outputPaths = (
			);
			runOnlyForDeploymentPostprocessing = 0;
			shellPath = /bin/sh;
			shellScript = "NODEJS_PATH=/usr/local/bin; NVM_NODE_PATH=~/.nvm/versions/node/`nvm version 2>/dev/null`/bin; N_NODE_PATH=`find /usr/local/n/versions/node/* -maxdepth 0 -type d 2>/dev/null | tail -1`/bin; XCODE_NODE_PATH=`xcode-select --print-path`/usr/share/xcs/Node/bin; PATH=$NODEJS_PATH:$NVM_NODE_PATH:$N_NODE_PATH:$XCODE_NODE_PATH:$PATH && node cordova/lib/copy-www-build-step.js";
			showEnvVarsInLog = 0;
		};
/* End PBXShellScriptBuildPhase section */

/* Begin PBXSourcesBuildPhase section */
		1D60588E0D05DD3D006BFB54 /* Sources */ = {
			isa = PBXSourcesBuildPhase;
			buildActionMask = 2147483647;
			files = (
				1D60589B0D05DD56006BFB54 /* main.m in Sources */,
				1D3623260D0F684500981E51 /* AppDelegate.m in Sources */,
				302D95F114D2391D003F00A1 /* MainViewController.m in Sources */,
				16C38F25D1CE46209E49E5DF /* AppDelegate+notification.m in Sources */,
				2E1511F66D524194AB6A79C0 /* PushPlugin.m in Sources */,
				1A5A5EE769DC41CF9CE7E225 /* CDVDevice.m in Sources */,
				327225178D15482FBAAA314F /* CDVNotification.m in Sources */,
				61234C58AAED46B0A557D14A /* CDVInAppBrowser.m in Sources */,
				4BA11C95F7F3429C8E0E6E41 /* CDVConnection.m in Sources */,
				25FCBB3DFAE64473B6B4E54D /* CDVReachability.m in Sources */,
				A9DB9E20B2B742408408D863 /* CDVStatusBar.m in Sources */,
				461609CE5785436E9F8014C3 /* CDVContacts.m in Sources */,
				DE17E99C97D6420AAB97E351 /* CDVContact.m in Sources */,
				730430CE5F734C928B4160EC /* NSString+SSURLEncoding.m in Sources */,
				1D3AC9E5876B4A42A244480C /* SocialSharing.m in Sources */,
			);
			runOnlyForDeploymentPostprocessing = 0;
		};
/* End PBXSourcesBuildPhase section */

/* Begin PBXTargetDependency section */
		301BF551109A68C00062928A /* PBXTargetDependency */ = {
			isa = PBXTargetDependency;
			name = CordovaLib;
			targetProxy = 301BF550109A68C00062928A /* PBXContainerItemProxy */;
		};
/* End PBXTargetDependency section */

/* Begin XCBuildConfiguration section */
		1D6058940D05DD3E006BFB54 /* Debug */ = {
			isa = XCBuildConfiguration;
			baseConfigurationReference = 3047A50F1AB8059700498E2A /* build-debug.xcconfig */;
			buildSettings = {
				ALWAYS_SEARCH_USER_PATHS = NO;
				ASSETCATALOG_COMPILER_APPICON_NAME = AppIcon;
				ASSETCATALOG_COMPILER_LAUNCHIMAGE_NAME = LaunchImage;
				CLANG_ENABLE_MODULES = YES;
				CLANG_ENABLE_OBJC_ARC = YES;
				COPY_PHASE_STRIP = NO;
				GCC_DYNAMIC_NO_PIC = NO;
				GCC_OPTIMIZATION_LEVEL = 0;
				GCC_PRECOMPILE_PREFIX_HEADER = YES;
				GCC_PREFIX_HEADER = "Magia 2/Magia 2-Prefix.pch";
				GCC_THUMB_SUPPORT = NO;
				GCC_VERSION = "";
				INFOPLIST_FILE = "Magia 2/Magia 2-Info.plist";
				IPHONEOS_DEPLOYMENT_TARGET = 8.0;
				LD_RUNPATH_SEARCH_PATHS = "@executable_path/Frameworks";
				TARGETED_DEVICE_FAMILY = "1,2";
				PRODUCT_NAME = "Magia 2";
				LIBRARY_SEARCH_PATHS = (
					"$(inherited)",
					"\"$(SRCROOT)/Magia 2/Plugins/phonegap-plugin-push/GCM/Libraries\"",
					"\"$(SRCROOT)/Magia 2/Plugins/phonegap-plugin-push/GCM/Libraries\"",
					"\"$(SRCROOT)/Magia 2/Plugins/phonegap-plugin-push/GCM/Libraries\"",
					"\"$(SRCROOT)/Magia 2/Plugins/phonegap-plugin-push/GCM/Libraries\"",
					"\"$(SRCROOT)/Magia 2/Plugins/phonegap-plugin-push/GCM/Libraries\"",
					"\"$(SRCROOT)/Magia 2/Plugins/phonegap-plugin-push/GCM/Libraries\"",
					"\"$(SRCROOT)/Magia 2/Plugins/phonegap-plugin-push/GCM/Libraries\"",
					"\"$(SRCROOT)/Magia 2/Plugins/phonegap-plugin-push/GCM/Libraries\"",
					"\"$(SRCROOT)/Magia 2/Plugins/phonegap-plugin-push/GCM/Libraries\"",
					"\"$(SRCROOT)/Magia 2/Plugins/phonegap-plugin-push/GCM/Libraries\"",
					"\"$(SRCROOT)/Magia 2/Plugins/phonegap-plugin-push/GCM/Libraries\"",
					"\"$(SRCROOT)/Magia 2/Plugins/phonegap-plugin-push/GCM/Libraries\"",
					"\"$(SRCROOT)/Magia 2/Plugins/phonegap-plugin-push/GCM/Libraries\"",
					"\"$(SRCROOT)/Magia 2/Plugins/phonegap-plugin-push/GCM/Libraries\"",
					"\"$(SRCROOT)/Magia 2/Plugins/phonegap-plugin-push/GCM/Libraries\"",
					"\"$(SRCROOT)/Magia 2/Plugins/phonegap-plugin-push/GCM/Libraries\"",
					"\"$(SRCROOT)/Magia 2/Plugins/phonegap-plugin-push/GCM/Libraries\"",
					"\"$(SRCROOT)/Magia 2/Plugins/phonegap-plugin-push/GCM/Libraries\"",
					"\"$(SRCROOT)/Magia 2/Plugins/phonegap-plugin-push/GCM/Libraries\"",
					"\"$(SRCROOT)/Magia 2/Plugins/phonegap-plugin-push/GCM/Libraries\"",
					"\"$(SRCROOT)/Magia 2/Plugins/phonegap-plugin-push/GCM/Libraries\"",
					"\"$(SRCROOT)/Magia 2/Plugins/phonegap-plugin-push/GCM/Libraries\"",
					"\"$(SRCROOT)/Magia 2/Plugins/phonegap-plugin-push/GCM/Libraries\"",
					"\"$(SRCROOT)/Magia 2/Plugins/phonegap-plugin-push/GCM/Libraries\"",
					"\"$(SRCROOT)/Magia 2/Plugins/phonegap-plugin-push/GCM/Libraries\"",
					"\"$(SRCROOT)/Magia 2/Plugins/phonegap-plugin-push/GCM/Libraries\"",
				);
			};
			name = Debug;
		};
		1D6058950D05DD3E006BFB54 /* Release */ = {
			isa = XCBuildConfiguration;
			baseConfigurationReference = 3047A5101AB8059700498E2A /* build-release.xcconfig */;
			buildSettings = {
				ALWAYS_SEARCH_USER_PATHS = NO;
				ASSETCATALOG_COMPILER_APPICON_NAME = AppIcon;
				ASSETCATALOG_COMPILER_LAUNCHIMAGE_NAME = LaunchImage;
				CLANG_ENABLE_MODULES = YES;
				CLANG_ENABLE_OBJC_ARC = YES;
				COPY_PHASE_STRIP = YES;
				GCC_PRECOMPILE_PREFIX_HEADER = YES;
				GCC_PREFIX_HEADER = "Magia 2/Magia 2-Prefix.pch";
				GCC_THUMB_SUPPORT = NO;
				GCC_VERSION = "";
				INFOPLIST_FILE = "Magia 2/Magia 2-Info.plist";
				IPHONEOS_DEPLOYMENT_TARGET = 8.0;
				LD_RUNPATH_SEARCH_PATHS = "@executable_path/Frameworks";
				TARGETED_DEVICE_FAMILY = "1,2";
				PRODUCT_NAME = "Magia 2";
				LIBRARY_SEARCH_PATHS = (
					"$(inherited)",
					"\"$(SRCROOT)/Magia 2/Plugins/phonegap-plugin-push/GCM/Libraries\"",
					"\"$(SRCROOT)/Magia 2/Plugins/phonegap-plugin-push/GCM/Libraries\"",
					"\"$(SRCROOT)/Magia 2/Plugins/phonegap-plugin-push/GCM/Libraries\"",
					"\"$(SRCROOT)/Magia 2/Plugins/phonegap-plugin-push/GCM/Libraries\"",
					"\"$(SRCROOT)/Magia 2/Plugins/phonegap-plugin-push/GCM/Libraries\"",
					"\"$(SRCROOT)/Magia 2/Plugins/phonegap-plugin-push/GCM/Libraries\"",
					"\"$(SRCROOT)/Magia 2/Plugins/phonegap-plugin-push/GCM/Libraries\"",
					"\"$(SRCROOT)/Magia 2/Plugins/phonegap-plugin-push/GCM/Libraries\"",
					"\"$(SRCROOT)/Magia 2/Plugins/phonegap-plugin-push/GCM/Libraries\"",
					"\"$(SRCROOT)/Magia 2/Plugins/phonegap-plugin-push/GCM/Libraries\"",
					"\"$(SRCROOT)/Magia 2/Plugins/phonegap-plugin-push/GCM/Libraries\"",
					"\"$(SRCROOT)/Magia 2/Plugins/phonegap-plugin-push/GCM/Libraries\"",
					"\"$(SRCROOT)/Magia 2/Plugins/phonegap-plugin-push/GCM/Libraries\"",
					"\"$(SRCROOT)/Magia 2/Plugins/phonegap-plugin-push/GCM/Libraries\"",
					"\"$(SRCROOT)/Magia 2/Plugins/phonegap-plugin-push/GCM/Libraries\"",
					"\"$(SRCROOT)/Magia 2/Plugins/phonegap-plugin-push/GCM/Libraries\"",
					"\"$(SRCROOT)/Magia 2/Plugins/phonegap-plugin-push/GCM/Libraries\"",
					"\"$(SRCROOT)/Magia 2/Plugins/phonegap-plugin-push/GCM/Libraries\"",
					"\"$(SRCROOT)/Magia 2/Plugins/phonegap-plugin-push/GCM/Libraries\"",
					"\"$(SRCROOT)/Magia 2/Plugins/phonegap-plugin-push/GCM/Libraries\"",
					"\"$(SRCROOT)/Magia 2/Plugins/phonegap-plugin-push/GCM/Libraries\"",
					"\"$(SRCROOT)/Magia 2/Plugins/phonegap-plugin-push/GCM/Libraries\"",
					"\"$(SRCROOT)/Magia 2/Plugins/phonegap-plugin-push/GCM/Libraries\"",
					"\"$(SRCROOT)/Magia 2/Plugins/phonegap-plugin-push/GCM/Libraries\"",
					"\"$(SRCROOT)/Magia 2/Plugins/phonegap-plugin-push/GCM/Libraries\"",
					"\"$(SRCROOT)/Magia 2/Plugins/phonegap-plugin-push/GCM/Libraries\"",
				);
			};
			name = Release;
		};
		C01FCF4F08A954540054247B /* Debug */ = {
			isa = XCBuildConfiguration;
			baseConfigurationReference = 3047A5111AB8059700498E2A /* build.xcconfig */;
			buildSettings = {
				CLANG_ENABLE_MODULES = YES;
				CLANG_ENABLE_OBJC_ARC = YES;
				CLANG_WARN_BOOL_CONVERSION = YES;
				CLANG_WARN_CONSTANT_CONVERSION = YES;
				CLANG_WARN_EMPTY_BODY = YES;
				CLANG_WARN_ENUM_CONVERSION = YES;
				CLANG_WARN_INT_CONVERSION = YES;
				CLANG_WARN__DUPLICATE_METHOD_MATCH = YES;
				GCC_C_LANGUAGE_STANDARD = c99;
				GCC_THUMB_SUPPORT = NO;
				GCC_VERSION = "";
				GCC_WARN_ABOUT_RETURN_TYPE = YES;
				GCC_WARN_UNDECLARED_SELECTOR = YES;
				GCC_WARN_UNINITIALIZED_AUTOS = YES;
				GCC_WARN_UNUSED_FUNCTION = YES;
				GCC_WARN_UNUSED_VARIABLE = YES;
				ONLY_ACTIVE_ARCH = YES;
				SDKROOT = iphoneos;
				SKIP_INSTALL = NO;
				TARGETED_DEVICE_FAMILY = "1,2";
				ASSETCATALOG_COMPILER_LAUNCHIMAGE_NAME = LaunchImage;
			};
			name = Debug;
		};
		C01FCF5008A954540054247B /* Release */ = {
			isa = XCBuildConfiguration;
			baseConfigurationReference = 3047A5111AB8059700498E2A /* build.xcconfig */;
			buildSettings = {
				CLANG_ENABLE_MODULES = YES;
				CLANG_ENABLE_OBJC_ARC = YES;
				CLANG_WARN_BOOL_CONVERSION = YES;
				CLANG_WARN_CONSTANT_CONVERSION = YES;
				CLANG_WARN_EMPTY_BODY = YES;
				CLANG_WARN_ENUM_CONVERSION = YES;
				CLANG_WARN_INT_CONVERSION = YES;
				CLANG_WARN__DUPLICATE_METHOD_MATCH = YES;
				GCC_C_LANGUAGE_STANDARD = c99;
				GCC_THUMB_SUPPORT = NO;
				GCC_VERSION = "";
				GCC_WARN_ABOUT_RETURN_TYPE = YES;
				GCC_WARN_UNDECLARED_SELECTOR = YES;
				GCC_WARN_UNINITIALIZED_AUTOS = YES;
				GCC_WARN_UNUSED_FUNCTION = YES;
				GCC_WARN_UNUSED_VARIABLE = YES;
				SDKROOT = iphoneos;
				SKIP_INSTALL = NO;
				TARGETED_DEVICE_FAMILY = "1,2";
				ASSETCATALOG_COMPILER_LAUNCHIMAGE_NAME = LaunchImage;
			};
			name = Release;
		};
/* End XCBuildConfiguration section */

/* Begin XCConfigurationList section */
		1D6058960D05DD3E006BFB54 /* Build configuration list for PBXNativeTarget "Magia 2" */ = {
			isa = XCConfigurationList;
			buildConfigurations = (
				1D6058940D05DD3E006BFB54 /* Debug */,
				1D6058950D05DD3E006BFB54 /* Release */,
			);
			defaultConfigurationIsVisible = 0;
			defaultConfigurationName = Release;
		};
		C01FCF4E08A954540054247B /* Build configuration list for PBXProject "__NON-CLI__" */ = {
			isa = XCConfigurationList;
			buildConfigurations = (
				C01FCF4F08A954540054247B /* Debug */,
				C01FCF5008A954540054247B /* Release */,
			);
			defaultConfigurationIsVisible = 0;
			defaultConfigurationName = Release;
		};
/* End XCConfigurationList section */
	};
	rootObject = 29B97313FDCFA39411CA2CEA /* Project object */;
}
